
Microsoft Visual Studio Solution File, Format Version 12.00
# Visual Studio Version 17
VisualStudioVersion = 17.7.34221.43
MinimumVisualStudioVersion = 10.0.40219.1
Project("{9A19103F-16F7-4668-BE54-9A1E7A4F7556}") = "P02_FootballBetting", "P02_FootballBetting.csproj", "{EF9573D6-3E80-4114-96EB-E59A30353B4A}"
EndProject
Project("{FAE04EC0-301F-11D3-BF4B-00C04F79EFBC}") = "P02_FootballBetting.Data", "..\P02_FootballBetting.Data\P02_FootballBetting.Data.csproj", "{1D73B15E-736E-4570-9BB3-F02AA3F6B76A}"
EndProject
Project("{FAE04EC0-301F-11D3-BF4B-00C04F79EFBC}") = "P02_FootballBetting.Data.Models", "..\P02_FootballBetting.Data.Models\P02_FootballBetting.Data.Models.csproj", "{C0FC1D73-B4A6-44C4-81AB-D9BE4768AD79}"
EndProject
Global
	GlobalSection(SolutionConfigurationPlatforms) = preSolution
		Debug|Any CPU = Debug|Any CPU
		Release|Any CPU = Release|Any CPU
	EndGlobalSection
	GlobalSection(ProjectConfigurationPlatforms) = postSolution
		{EF9573D6-3E80-4114-96EB-E59A30353B4A}.Debug|Any CPU.ActiveCfg = Debug|Any CPU
		{EF9573D6-3E80-4114-96EB-E59A30353B4A}.Debug|Any CPU.Build.0 = Debug|Any CPU
		{EF9573D6-3E80-4114-96EB-E59A30353B4A}.Release|Any CPU.ActiveCfg = Release|Any CPU
		{EF9573D6-3E80-4114-96EB-E59A30353B4A}.Release|Any CPU.Build.0 = Release|Any CPU
		{1D73B15E-736E-4570-9BB3-F02AA3F6B76A}.Debug|Any CPU.ActiveCfg = Debug|Any CPU
		{1D73B15E-736E-4570-9BB3-F02AA3F6B76A}.Debug|Any CPU.Build.0 = Debug|Any CPU
		{1D73B15E-736E-4570-9BB3-F02AA3F6B76A}.Release|Any CPU.ActiveCfg = Release|Any CPU
		{1D73B15E-736E-4570-9BB3-F02AA3F6B76A}.Release|Any CPU.Build.0 = Release|Any CPU
		{C0FC1D73-B4A6-44C4-81AB-D9BE4768AD79}.Debug|Any CPU.ActiveCfg = Debug|Any CPU
		{C0FC1D73-B4A6-44C4-81AB-D9BE4768AD79}.Debug|Any CPU.Build.0 = Debug|Any CPU
		{C0FC1D73-B4A6-44C4-81AB-D9BE4768AD79}.Release|Any CPU.ActiveCfg = Release|Any CPU
		{C0FC1D73-B4A6-44C4-81AB-D9BE4768AD79}.Release|Any CPU.Build.0 = Release|Any CPU
	EndGlobalSection
	GlobalSection(SolutionProperties) = preSolution
		HideSolutionNode = FALSE
	EndGlobalSection
	GlobalSection(ExtensibilityGlobals) = postSolution
		SolutionGuid = {838654EA-AE3C-4D47-ADB0-454AF97CEEF5}
	EndGlobalSection
EndGlobal
