
Microsoft Visual Studio Solution File, Format Version 12.00
# Visual Studio Version 17
VisualStudioVersion = 17.8.34316.72
MinimumVisualStudioVersion = 10.0.40219.1
Project("{FAE04EC0-301F-11D3-BF4B-00C04F79EFBC}") = "Blog.WEB", "Blog.WEB.csproj", "{EEE13E2F-A295-4976-A690-EB787403CBF0}"
EndProject
Project("{FAE04EC0-301F-11D3-BF4B-00C04F79EFBC}") = "Blog.Models", "..\Blog.Models\Blog.Models.csproj", "{38A8251A-160A-4A11-A893-DD6DF4113F78}"
EndProject
Project("{FAE04EC0-301F-11D3-BF4B-00C04F79EFBC}") = "Blog.Services", "..\Blog.Services\Blog.Services.csproj", "{7DE4CC9B-F129-4963-A43E-C15145BA0304}"
EndProject
Project("{FAE04EC0-301F-11D3-BF4B-00C04F79EFBC}") = "Blog.Common", "..\Blog.Common\Blog.Common.csproj", "{B5D7932F-BD54-4E56-AB99-D97C66D08C76}"
EndProject
Project("{FAE04EC0-301F-11D3-BF4B-00C04F79EFBC}") = "Blog.Data", "..\Blog.Data\Blog.Data.csproj", "{23E44F7B-234A-4967-89A4-B8C4A8B7BFAA}"
EndProject
Global
	GlobalSection(SolutionConfigurationPlatforms) = preSolution
		Debug|Any CPU = Debug|Any CPU
		Release|Any CPU = Release|Any CPU
	EndGlobalSection
	GlobalSection(ProjectConfigurationPlatforms) = postSolution
		{EEE13E2F-A295-4976-A690-EB787403CBF0}.Debug|Any CPU.ActiveCfg = Debug|Any CPU
		{EEE13E2F-A295-4976-A690-EB787403CBF0}.Debug|Any CPU.Build.0 = Debug|Any CPU
		{EEE13E2F-A295-4976-A690-EB787403CBF0}.Release|Any CPU.ActiveCfg = Release|Any CPU
		{EEE13E2F-A295-4976-A690-EB787403CBF0}.Release|Any CPU.Build.0 = Release|Any CPU
		{38A8251A-160A-4A11-A893-DD6DF4113F78}.Debug|Any CPU.ActiveCfg = Debug|Any CPU
		{38A8251A-160A-4A11-A893-DD6DF4113F78}.Debug|Any CPU.Build.0 = Debug|Any CPU
		{38A8251A-160A-4A11-A893-DD6DF4113F78}.Release|Any CPU.ActiveCfg = Release|Any CPU
		{38A8251A-160A-4A11-A893-DD6DF4113F78}.Release|Any CPU.Build.0 = Release|Any CPU
		{7DE4CC9B-F129-4963-A43E-C15145BA0304}.Debug|Any CPU.ActiveCfg = Debug|Any CPU
		{7DE4CC9B-F129-4963-A43E-C15145BA0304}.Debug|Any CPU.Build.0 = Debug|Any CPU
		{7DE4CC9B-F129-4963-A43E-C15145BA0304}.Release|Any CPU.ActiveCfg = Release|Any CPU
		{7DE4CC9B-F129-4963-A43E-C15145BA0304}.Release|Any CPU.Build.0 = Release|Any CPU
		{B5D7932F-BD54-4E56-AB99-D97C66D08C76}.Debug|Any CPU.ActiveCfg = Debug|Any CPU
		{B5D7932F-BD54-4E56-AB99-D97C66D08C76}.Debug|Any CPU.Build.0 = Debug|Any CPU
		{B5D7932F-BD54-4E56-AB99-D97C66D08C76}.Release|Any CPU.ActiveCfg = Release|Any CPU
		{B5D7932F-BD54-4E56-AB99-D97C66D08C76}.Release|Any CPU.Build.0 = Release|Any CPU
		{23E44F7B-234A-4967-89A4-B8C4A8B7BFAA}.Debug|Any CPU.ActiveCfg = Debug|Any CPU
		{23E44F7B-234A-4967-89A4-B8C4A8B7BFAA}.Debug|Any CPU.Build.0 = Debug|Any CPU
		{23E44F7B-234A-4967-89A4-B8C4A8B7BFAA}.Release|Any CPU.ActiveCfg = Release|Any CPU
		{23E44F7B-234A-4967-89A4-B8C4A8B7BFAA}.Release|Any CPU.Build.0 = Release|Any CPU
	EndGlobalSection
	GlobalSection(SolutionProperties) = preSolution
		HideSolutionNode = FALSE
	EndGlobalSection
	GlobalSection(ExtensibilityGlobals) = postSolution
		SolutionGuid = {C8A71339-1AEF-4BA5-AAFB-21367F224A72}
	EndGlobalSection
EndGlobal
